// !$*UTF8*$!
{
	archiveVersion = 1;
	classes = {
	};
	objectVersion = 77;
	objects = {

/* Begin PBXBuildFile section */
		3B11FAF22FECA41500E021F0 /* AppDelegate.swift in Sources */ = {isa = PBXBuildFile; fileRef = 3B11FAF12FECA41500E021F0 /* AppDelegate.swift */; };
		3B11FAF42FECA41500E021F0 /* SceneDelegate.swift in Sources */ = {isa = PBXBuildFile; fileRef = 3B11FAF32FECA41500E021F0 /* SceneDelegate.swift */; };
		3B11FAF72FECA41500E021F0 /* LaunchScreen.storyboard in Resources */ = {isa = PBXBuildFile; fileRef = 3B11FAF52FECA41500E021F0 /* LaunchScreen.storyboard */; };
		3B11FAFA2FECA41500E021F0 /* Main.storyboard in Resources */ = {isa = PBXBuildFile; fileRef = 3B11FAF82FECA41500E021F0 /* Main.storyboard */; };
		3B11FB032FECA41500E021F0 /* AppDelegate.swift in Sources */ = {isa = PBXBuildFile; fileRef = 3B11FB022FECA41500E021F0 /* AppDelegate.swift */; };
		3B11FB062FECA41500E021F0 /* Main.storyboard in Resources */ = {isa = PBXBuildFile; fileRef = 3B11FB042FECA41500E021F0 /* Main.storyboard */; };
		3B11FB0D2FECA41500E021F0 /* BrowserBridge Extension.appex in Embed Foundation Extensions */ = {isa = PBXBuildFile; fileRef = 3B11FB0C2FECA41500E021F0 /* BrowserBridge Extension.appex */; settings = {ATTRIBUTES = (RemoveHeadersOnCopy, ); }; };
		3B11FB172FECA41500E021F0 /* BrowserBridge Extension.appex in Embed Foundation Extensions */ = {isa = PBXBuildFile; fileRef = 3B11FB162FECA41500E021F0 /* BrowserBridge Extension.appex */; settings = {ATTRIBUTES = (RemoveHeadersOnCopy, ); }; };
		3B11FB1C2FECA41500E021F0 /* Main.html in Resources */ = {isa = PBXBuildFile; fileRef = 3B11FAE12FECA41200E021F0 /* Main.html */; };
		3B11FB1D2FECA41500E021F0 /* Main.html in Resources */ = {isa = PBXBuildFile; fileRef = 3B11FAE12FECA41200E021F0 /* Main.html */; };
		3B11FB1E2FECA41500E021F0 /* Icon.png in Resources */ = {isa = PBXBuildFile; fileRef = 3B11FAE32FECA41200E021F0 /* Icon.png */; };
		3B11FB1F2FECA41500E021F0 /* Icon.png in Resources */ = {isa = PBXBuildFile; fileRef = 3B11FAE32FECA41200E021F0 /* Icon.png */; };
		3B11FB202FECA41500E021F0 /* Style.css in Resources */ = {isa = PBXBuildFile; fileRef = 3B11FAE42FECA41200E021F0 /* Style.css */; };
		3B11FB212FECA41500E021F0 /* Style.css in Resources */ = {isa = PBXBuildFile; fileRef = 3B11FAE42FECA41200E021F0 /* Style.css */; };
		3B11FB222FECA41500E021F0 /* Script.js in Resources */ = {isa = PBXBuildFile; fileRef = 3B11FAE52FECA41200E021F0 /* Script.js */; };
		3B11FB232FECA41500E021F0 /* Script.js in Resources */ = {isa = PBXBuildFile; fileRef = 3B11FAE52FECA41200E021F0 /* Script.js */; };
		3B11FB242FECA41500E021F0 /* ViewController.swift in Sources */ = {isa = PBXBuildFile; fileRef = 3B11FAE62FECA41200E021F0 /* ViewController.swift */; };
		3B11FB252FECA41500E021F0 /* ViewController.swift in Sources */ = {isa = PBXBuildFile; fileRef = 3B11FAE62FECA41200E021F0 /* ViewController.swift */; };
		3B11FB262FECA41500E021F0 /* Assets.xcassets in Resources */ = {isa = PBXBuildFile; fileRef = 3B11FAE72FECA41400E021F0 /* Assets.xcassets */; };
		3B11FB272FECA41500E021F0 /* Assets.xcassets in Resources */ = {isa = PBXBuildFile; fileRef = 3B11FAE72FECA41400E021F0 /* Assets.xcassets */; };
		3B11FB282FECA41500E021F0 /* SafariWebExtensionHandler.swift in Sources */ = {isa = PBXBuildFile; fileRef = 3B11FAE92FECA41400E021F0 /* SafariWebExtensionHandler.swift */; };
		3B11FB292FECA41500E021F0 /* SafariWebExtensionHandler.swift in Sources */ = {isa = PBXBuildFile; fileRef = 3B11FAE92FECA41400E021F0 /* SafariWebExtensionHandler.swift */; };
		3B11FB3F2FECA41600E021F0 /* popup.html in Resources */ = {isa = PBXBuildFile; fileRef = 3B11FB3B2FECA41600E021F0 /* popup.html */; };
		3B11FB402FECA41600E021F0 /* manifest.json in Resources */ = {isa = PBXBuildFile; fileRef = 3B11FB3C2FECA41600E021F0 /* manifest.json */; };
		3B11FB412FECA41600E021F0 /* options.html in Resources */ = {isa = PBXBuildFile; fileRef = 3B11FB3D2FECA41600E021F0 /* options.html */; };
		3B11FB422FECA41600E021F0 /* assets in Resources */ = {isa = PBXBuildFile; fileRef = 3B11FB3E2FECA41600E021F0 /* assets */; };
		3B11FB432FECA41600E021F0 /* popup.html in Resources */ = {isa = PBXBuildFile; fileRef = 3B11FB3B2FECA41600E021F0 /* popup.html */; };
		3B11FB442FECA41600E021F0 /* manifest.json in Resources */ = {isa = PBXBuildFile; fileRef = 3B11FB3C2FECA41600E021F0 /* manifest.json */; };
		3B11FB452FECA41600E021F0 /* options.html in Resources */ = {isa = PBXBuildFile; fileRef = 3B11FB3D2FECA41600E021F0 /* options.html */; };
		3B11FB462FECA41600E021F0 /* assets in Resources */ = {isa = PBXBuildFile; fileRef = 3B11FB3E2FECA41600E021F0 /* assets */; };
/* End PBXBuildFile section */

/* Begin PBXContainerItemProxy section */
		3B11FB0E2FECA41500E021F0 /* PBXContainerItemProxy */ = {
			isa = PBXContainerItemProxy;
			containerPortal = 3B11FADB2FECA41100E021F0 /* Project object */;
			proxyType = 1;
			remoteGlobalIDString = 3B11FB0B2FECA41500E021F0;
			remoteInfo = "BrowserBridge Extension (iOS)";
		};
		3B11FB182FECA41500E021F0 /* PBXContainerItemProxy */ = {
			isa = PBXContainerItemProxy;
			containerPortal = 3B11FADB2FECA41100E021F0 /* Project object */;
			proxyType = 1;
			remoteGlobalIDString = 3B11FB152FECA41500E021F0;
			remoteInfo = "BrowserBridge Extension (macOS)";
		};
/* End PBXContainerItemProxy section */

/* Begin PBXCopyFilesBuildPhase section */
		3B11FB2F2FECA41500E021F0 /* Embed Foundation Extensions */ = {
			isa = PBXCopyFilesBuildPhase;
			buildActionMask = 2147483647;
			dstPath = "";
			dstSubfolderSpec = 13;
			files = (
				3B11FB0D2FECA41500E021F0 /* BrowserBridge Extension.appex in Embed Foundation Extensions */,
			);
			name = "Embed Foundation Extensions";
			runOnlyForDeploymentPostprocessing = 0;
		};
		3B11FB362FECA41500E021F0 /* Embed Foundation Extensions */ = {
			isa = PBXCopyFilesBuildPhase;
			buildActionMask = 2147483647;
			dstPath = "";
			dstSubfolderSpec = 13;
			files = (
				3B11FB172FECA41500E021F0 /* BrowserBridge Extension.appex in Embed Foundation Extensions */,
			);
			name = "Embed Foundation Extensions";
			runOnlyForDeploymentPostprocessing = 0;
		};
/* End PBXCopyFilesBuildPhase section */

/* Begin PBXFileReference section */
		3B11FAE22FECA41200E021F0 /* Base */ = {isa = PBXFileReference; lastKnownFileType = text.html; name = Base; path = Base.lproj/Main.html; sourceTree = "<group>"; };
		3B11FAE32FECA41200E021F0 /* Icon.png */ = {isa = PBXFileReference; lastKnownFileType = image.png; path = Icon.png; sourceTree = "<group>"; };
		3B11FAE42FECA41200E021F0 /* Style.css */ = {isa = PBXFileReference; lastKnownFileType = text.css; path = Style.css; sourceTree = "<group>"; };
		3B11FAE52FECA41200E021F0 /* Script.js */ = {isa = PBXFileReference; lastKnownFileType = sourcecode.javascript; path = Script.js; sourceTree = "<group>"; };
		3B11FAE62FECA41200E021F0 /* ViewController.swift */ = {isa = PBXFileReference; lastKnownFileType = sourcecode.swift; path = ViewController.swift; sourceTree = "<group>"; };
		3B11FAE72FECA41400E021F0 /* Assets.xcassets */ = {isa = PBXFileReference; lastKnownFileType = folder.assetcatalog; path = Assets.xcassets; sourceTree = "<group>"; };
		3B11FAE92FECA41400E021F0 /* SafariWebExtensionHandler.swift */ = {isa = PBXFileReference; lastKnownFileType = sourcecode.swift; path = SafariWebExtensionHandler.swift; sourceTree = "<group>"; };
		3B11FAEE2FECA41500E021F0 /* BrowserBridge.app */ = {isa = PBXFileReference; explicitFileType = wrapper.application; includeInIndex = 0; path = BrowserBridge.app; sourceTree = BUILT_PRODUCTS_DIR; };
		3B11FAF12FECA41500E021F0 /* AppDelegate.swift */ = {isa = PBXFileReference; lastKnownFileType = sourcecode.swift; path = AppDelegate.swift; sourceTree = "<group>"; };
		3B11FAF32FECA41500E021F0 /* SceneDelegate.swift */ = {isa = PBXFileReference; lastKnownFileType = sourcecode.swift; path = SceneDelegate.swift; sourceTree = "<group>"; };
		3B11FAF62FECA41500E021F0 /* Base */ = {isa = PBXFileReference; lastKnownFileType = file.storyboard; name = Base; path = Base.lproj/LaunchScreen.storyboard; sourceTree = "<group>"; };
		3B11FAF92FECA41500E021F0 /* Base */ = {isa = PBXFileReference; lastKnownFileType = file.storyboard; name = Base; path = Base.lproj/Main.storyboard; sourceTree = "<group>"; };
		3B11FAFB2FECA41500E021F0 /* Info.plist */ = {isa = PBXFileReference; lastKnownFileType = text.plist.xml; path = Info.plist; sourceTree = "<group>"; };
		3B11FB002FECA41500E021F0 /* BrowserBridge.app */ = {isa = PBXFileReference; explicitFileType = wrapper.application; includeInIndex = 0; path = BrowserBridge.app; sourceTree = BUILT_PRODUCTS_DIR; };
		3B11FB022FECA41500E021F0 /* AppDelegate.swift */ = {isa = PBXFileReference; lastKnownFileType = sourcecode.swift; path = AppDelegate.swift; sourceTree = "<group>"; };
		3B11FB052FECA41500E021F0 /* Base */ = {isa = PBXFileReference; lastKnownFileType = file.storyboard; name = Base; path = Base.lproj/Main.storyboard; sourceTree = "<group>"; };
		3B11FB072FECA41500E021F0 /* Info.plist */ = {isa = PBXFileReference; lastKnownFileType = text.plist.xml; path = Info.plist; sourceTree = "<group>"; };
		3B11FB0C2FECA41500E021F0 /* BrowserBridge Extension.appex */ = {isa = PBXFileReference; explicitFileType = "wrapper.app-extension"; includeInIndex = 0; path = "BrowserBridge Extension.appex"; sourceTree = BUILT_PRODUCTS_DIR; };
		3B11FB112FECA41500E021F0 /* Info.plist */ = {isa = PBXFileReference; lastKnownFileType = text.plist.xml; path = Info.plist; sourceTree = "<group>"; };
		3B11FB162FECA41500E021F0 /* BrowserBridge Extension.appex */ = {isa = PBXFileReference; explicitFileType = "wrapper.app-extension"; includeInIndex = 0; path = "BrowserBridge Extension.appex"; sourceTree = BUILT_PRODUCTS_DIR; };
		3B11FB1B2FECA41500E021F0 /* Info.plist */ = {isa = PBXFileReference; lastKnownFileType = text.plist.xml; path = Info.plist; sourceTree = "<group>"; };
		3B11FB3B2FECA41600E021F0 /* popup.html */ = {isa = PBXFileReference; lastKnownFileType = text.html; name = popup.html; path = ../../../dist/popup.html; sourceTree = "<group>"; };
		3B11FB3C2FECA41600E021F0 /* manifest.json */ = {isa = PBXFileReference; lastKnownFileType = text.json; name = manifest.json; path = ../../../dist/manifest.json; sourceTree = "<group>"; };
		3B11FB3D2FECA41600E021F0 /* options.html */ = {isa = PBXFileReference; lastKnownFileType = text.html; name = options.html; path = ../../../dist/options.html; sourceTree = "<group>"; };
		3B11FB3E2FECA41600E021F0 /* assets */ = {isa = PBXFileReference; lastKnownFileType = folder; name = assets; path = ../../../dist/assets; sourceTree = "<group>"; };
/* End PBXFileReference section */

/* Begin PBXFrameworksBuildPhase section */
		3B11FAEB2FECA41400E021F0 /* Frameworks */ = {
			isa = PBXFrameworksBuildPhase;
			buildActionMask = 2147483647;
			files = (
			);
			runOnlyForDeploymentPostprocessing = 0;
		};
		3B11FAFD2FECA41500E021F0 /* Frameworks */ = {
			isa = PBXFrameworksBuildPhase;
			buildActionMask = 2147483647;
			files = (
			);
			runOnlyForDeploymentPostprocessing = 0;
		};
		3B11FB092FECA41500E021F0 /* Frameworks */ = {
			isa = PBXFrameworksBuildPhase;
			buildActionMask = 2147483647;
			files = (
			);
			runOnlyForDeploymentPostprocessing = 0;
		};
		3B11FB132FECA41500E021F0 /* Frameworks */ = {
			isa = PBXFrameworksBuildPhase;
			buildActionMask = 2147483647;
			files = (
			);
			runOnlyForDeploymentPostprocessing = 0;
		};
/* End PBXFrameworksBuildPhase section */

/* Begin PBXGroup section */
		3B11FADA2FECA41100E021F0 = {
			isa = PBXGroup;
			children = (
				3B11FADF2FECA41200E021F0 /* Shared (App) */,
				3B11FAE82FECA41400E021F0 /* Shared (Extension) */,
				3B11FAF02FECA41500E021F0 /* iOS (App) */,
				3B11FB012FECA41500E021F0 /* macOS (App) */,
				3B11FB102FECA41500E021F0 /* iOS (Extension) */,
				3B11FB1A2FECA41500E021F0 /* macOS (Extension) */,
				3B11FAEF2FECA41500E021F0 /* Products */,
			);
			sourceTree = "<group>";
		};
		3B11FADF2FECA41200E021F0 /* Shared (App) */ = {
			isa = PBXGroup;
			children = (
				3B11FAE62FECA41200E021F0 /* ViewController.swift */,
				3B11FAE72FECA41400E021F0 /* Assets.xcassets */,
				3B11FAE02FECA41200E021F0 /* Resources */,
			);
			path = "Shared (App)";
			sourceTree = "<group>";
		};
		3B11FAE02FECA41200E021F0 /* Resources */ = {
			isa = PBXGroup;
			children = (
				3B11FAE12FECA41200E021F0 /* Main.html */,
				3B11FAE32FECA41200E021F0 /* Icon.png */,
				3B11FAE42FECA41200E021F0 /* Style.css */,
				3B11FAE52FECA41200E021F0 /* Script.js */,
			);
			path = Resources;
			sourceTree = "<group>";
		};
		3B11FAE82FECA41400E021F0 /* Shared (Extension) */ = {
			isa = PBXGroup;
			children = (
				3B11FB3A2FECA41600E021F0 /* Resources */,
				3B11FAE92FECA41400E021F0 /* SafariWebExtensionHandler.swift */,
			);
			path = "Shared (Extension)";
			sourceTree = "<group>";
		};
		3B11FAEF2FECA41500E021F0 /* Products */ = {
			isa = PBXGroup;
			children = (
				3B11FAEE2FECA41500E021F0 /* BrowserBridge.app */,
				3B11FB002FECA41500E021F0 /* BrowserBridge.app */,
				3B11FB0C2FECA41500E021F0 /* BrowserBridge Extension.appex */,
				3B11FB162FECA41500E021F0 /* BrowserBridge Extension.appex */,
			);
			name = Products;
			sourceTree = "<group>";
		};
		3B11FAF02FECA41500E021F0 /* iOS (App) */ = {
			isa = PBXGroup;
			children = (
				3B11FAF12FECA41500E021F0 /* AppDelegate.swift */,
				3B11FAF32FECA41500E021F0 /* SceneDelegate.swift */,
				3B11FAF52FECA41500E021F0 /* LaunchScreen.storyboard */,
				3B11FAF82FECA41500E021F0 /* Main.storyboard */,
				3B11FAFB2FECA41500E021F0 /* Info.plist */,
			);
			path = "iOS (App)";
			sourceTree = "<group>";
		};
		3B11FB012FECA41500E021F0 /* macOS (App) */ = {
			isa = PBXGroup;
			children = (
				3B11FB022FECA41500E021F0 /* AppDelegate.swift */,
				3B11FB042FECA41500E021F0 /* Main.storyboard */,
				3B11FB072FECA41500E021F0 /* Info.plist */,
			);
			path = "macOS (App)";
			sourceTree = "<group>";
		};
		3B11FB102FECA41500E021F0 /* iOS (Extension) */ = {
			isa = PBXGroup;
			children = (
				3B11FB112FECA41500E021F0 /* Info.plist */,
			);
			path = "iOS (Extension)";
			sourceTree = "<group>";
		};
		3B11FB1A2FECA41500E021F0 /* macOS (Extension) */ = {
			isa = PBXGroup;
			children = (
				3B11FB1B2FECA41500E021F0 /* Info.plist */,
			);
			path = "macOS (Extension)";
			sourceTree = "<group>";
		};
		3B11FB3A2FECA41600E021F0 /* Resources */ = {
			isa = PBXGroup;
			children = (
				3B11FB3B2FECA41600E021F0 /* popup.html */,
				3B11FB3C2FECA41600E021F0 /* manifest.json */,
				3B11FB3D2FECA41600E021F0 /* options.html */,
				3B11FB3E2FECA41600E021F0 /* assets */,
			);
			name = Resources;
			path = "Shared (Extension)";
			sourceTree = SOURCE_ROOT;
		};
/* End PBXGroup section */

/* Begin PBXNativeTarget section */
		3B11FAED2FECA41400E021F0 /* BrowserBridge (iOS) */ = {
			isa = PBXNativeTarget;
			buildConfigurationList = 3B11FB302FECA41500E021F0 /* Build configuration list for PBXNativeTarget "BrowserBridge (iOS)" */;
			buildPhases = (
				3B11FAEA2FECA41400E021F0 /* Sources */,
				3B11FAEB2FECA41400E021F0 /* Frameworks */,
				3B11FAEC2FECA41400E021F0 /* Resources */,
				3B11FB2F2FECA41500E021F0 /* Embed Foundation Extensions */,
			);
			buildRules = (
			);
			dependencies = (
				3B11FB0F2FECA41500E021F0 /* PBXTargetDependency */,
			);
			name = "BrowserBridge (iOS)";
			packageProductDependencies = (
			);
			productName = "BrowserBridge (iOS)";
			productReference = 3B11FAEE2FECA41500E021F0 /* BrowserBridge.app */;
			productType = "com.apple.product-type.application";
		};
		3B11FAFF2FECA41500E021F0 /* BrowserBridge (macOS) */ = {
			isa = PBXNativeTarget;
			buildConfigurationList = 3B11FB372FECA41500E021F0 /* Build configuration list for PBXNativeTarget "BrowserBridge (macOS)" */;
			buildPhases = (
				3B11FAFC2FECA41500E021F0 /* Sources */,
				3B11FAFD2FECA41500E021F0 /* Frameworks */,
				3B11FAFE2FECA41500E021F0 /* Resources */,
				3B11FB362FECA41500E021F0 /* Embed Foundation Extensions */,
			);
			buildRules = (
			);
			dependencies = (
				3B11FB192FECA41500E021F0 /* PBXTargetDependency */,
			);
			name = "BrowserBridge (macOS)";
			packageProductDependencies = (
			);
			productName = "BrowserBridge (macOS)";
			productReference = 3B11FB002FECA41500E021F0 /* BrowserBridge.app */;
			productType = "com.apple.product-type.application";
		};
		3B11FB0B2FECA41500E021F0 /* BrowserBridge Extension (iOS) */ = {
			isa = PBXNativeTarget;
			buildConfigurationList = 3B11FB2C2FECA41500E021F0 /* Build configuration list for PBXNativeTarget "BrowserBridge Extension (iOS)" */;
			buildPhases = (
				3B11FB082FECA41500E021F0 /* Sources */,
				3B11FB092FECA41500E021F0 /* Frameworks */,
				3B11FB0A2FECA41500E021F0 /* Resources */,
			);
			buildRules = (
			);
			dependencies = (
			);
			name = "BrowserBridge Extension (iOS)";
			packageProductDependencies = (
			);
			productName = "BrowserBridge Extension (iOS)";
			productReference = 3B11FB0C2FECA41500E021F0 /* BrowserBridge Extension.appex */;
			productType = "com.apple.product-type.app-extension";
		};
		3B11FB152FECA41500E021F0 /* BrowserBridge Extension (macOS) */ = {
			isa = PBXNativeTarget;
			buildConfigurationList = 3B11FB332FECA41500E021F0 /* Build configuration list for PBXNativeTarget "BrowserBridge Extension (macOS)" */;
			buildPhases = (
				3B11FB122FECA41500E021F0 /* Sources */,
				3B11FB132FECA41500E021F0 /* Frameworks */,
				3B11FB142FECA41500E021F0 /* Resources */,
			);
			buildRules = (
			);
			dependencies = (
			);
			name = "BrowserBridge Extension (macOS)";
			packageProductDependencies = (
			);
			productName = "BrowserBridge Extension (macOS)";
			productReference = 3B11FB162FECA41500E021F0 /* BrowserBridge Extension.appex */;
			productType = "com.apple.product-type.app-extension";
		};
/* End PBXNativeTarget section */

/* Begin PBXProject section */
		3B11FADB2FECA41100E021F0 /* Project object */ = {
			isa = PBXProject;
			attributes = {
				BuildIndependentTargetsInParallel = 1;
				LastSwiftUpdateCheck = 2650;
				LastUpgradeCheck = 2650;
				TargetAttributes = {
					3B11FAED2FECA41400E021F0 = {
						CreatedOnToolsVersion = 26.5;
					};
					3B11FAFF2FECA41500E021F0 = {
						CreatedOnToolsVersion = 26.5;
					};
					3B11FB0B2FECA41500E021F0 = {
						CreatedOnToolsVersion = 26.5;
					};
					3B11FB152FECA41500E021F0 = {
						CreatedOnToolsVersion = 26.5;
					};
				};
			};
			buildConfigurationList = 3B11FADE2FECA41100E021F0 /* Build configuration list for PBXProject "BrowserBridge" */;
			developmentRegion = en;
			hasScannedForEncodings = 0;
			knownRegions = (
				en,
				Base,
			);
			mainGroup = 3B11FADA2FECA41100E021F0;
			minimizedProjectReferenceProxies = 1;
			preferredProjectObjectVersion = 77;
			productRefGroup = 3B11FAEF2FECA41500E021F0 /* Products */;
			projectDirPath = "";
			projectRoot = "";
			targets = (
				3B11FAED2FECA41400E021F0 /* BrowserBridge (iOS) */,
				3B11FAFF2FECA41500E021F0 /* BrowserBridge (macOS) */,
				3B11FB0B2FECA41500E021F0 /* BrowserBridge Extension (iOS) */,
				3B11FB152FECA41500E021F0 /* BrowserBridge Extension (macOS) */,
			);
		};
/* End PBXProject section */

/* Begin PBXResourcesBuildPhase section */
		3B11FAEC2FECA41400E021F0 /* Resources */ = {
			isa = PBXResourcesBuildPhase;
			buildActionMask = 2147483647;
			files = (
				3B11FB1E2FECA41500E021F0 /* Icon.png in Resources */,
				3B11FAF72FECA41500E021F0 /* LaunchScreen.storyboard in Resources */,
				3B11FB1C2FECA41500E021F0 /* Main.html in Resources */,
				3B11FB222FECA41500E021F0 /* Script.js in Resources */,
				3B11FB262FECA41500E021F0 /* Assets.xcassets in Resources */,
				3B11FAFA2FECA41500E021F0 /* Main.storyboard in Resources */,
				3B11FB202FECA41500E021F0 /* Style.css in Resources */,
			);
			runOnlyForDeploymentPostprocessing = 0;
		};
		3B11FAFE2FECA41500E021F0 /* Resources */ = {
			isa = PBXResourcesBuildPhase;
			buildActionMask = 2147483647;
			files = (
				3B11FB1F2FECA41500E021F0 /* Icon.png in Resources */,
				3B11FB212FECA41500E021F0 /* Style.css in Resources */,
				3B11FB062FECA41500E021F0 /* Main.storyboard in Resources */,
				3B11FB232FECA41500E021F0 /* Script.js in Resources */,
				3B11FB272FECA41500E021F0 /* Assets.xcassets in Resources */,
				3B11FB1D2FECA41500E021F0 /* Main.html in Resources */,
			);
			runOnlyForDeploymentPostprocessing = 0;
		};
		3B11FB0A2FECA41500E021F0 /* Resources */ = {
			isa = PBXResourcesBuildPhase;
			buildActionMask = 2147483647;
			files = (
				3B11FB442FECA41600E021F0 /* manifest.json in Resources */,
				3B11FB462FECA41600E021F0 /* assets in Resources */,
				3B11FB432FECA41600E021F0 /* popup.html in Resources */,
				3B11FB452FECA41600E021F0 /* options.html in Resources */,
			);
			runOnlyForDeploymentPostprocessing = 0;
		};
		3B11FB142FECA41500E021F0 /* Resources */ = {
			isa = PBXResourcesBuildPhase;
			buildActionMask = 2147483647;
			files = (
				3B11FB402FECA41600E021F0 /* manifest.json in Resources */,
				3B11FB422FECA41600E021F0 /* assets in Resources */,
				3B11FB3F2FECA41600E021F0 /* popup.html in Resources */,
				3B11FB412FECA41600E021F0 /* options.html in Resources */,
			);
			runOnlyForDeploymentPostprocessing = 0;
		};
/* End PBXResourcesBuildPhase section */

/* Begin PBXSourcesBuildPhase section */
		3B11FAEA2FECA41400E021F0 /* Sources */ = {
			isa = PBXSourcesBuildPhase;
			buildActionMask = 2147483647;
			files = (
				3B11FB242FECA41500E021F0 /* ViewController.swift in Sources */,
				3B11FAF22FECA41500E021F0 /* AppDelegate.swift in Sources */,
				3B11FAF42FECA41500E021F0 /* SceneDelegate.swift in Sources */,
			);
			runOnlyForDeploymentPostprocessing = 0;
		};
		3B11FAFC2FECA41500E021F0 /* Sources */ = {
			isa = PBXSourcesBuildPhase;
			buildActionMask = 2147483647;
			files = (
				3B11FB252FECA41500E021F0 /* ViewController.swift in Sources */,
				3B11FB032FECA41500E021F0 /* AppDelegate.swift in Sources */,
			);
			runOnlyForDeploymentPostprocessing = 0;
		};
		3B11FB082FECA41500E021F0 /* Sources */ = {
			isa = PBXSourcesBuildPhase;
			buildActionMask = 2147483647;
			files = (
				3B11FB282FECA41500E021F0 /* SafariWebExtensionHandler.swift in Sources */,
			);
			runOnlyForDeploymentPostprocessing = 0;
		};
		3B11FB122FECA41500E021F0 /* Sources */ = {
			isa = PBXSourcesBuildPhase;
			buildActionMask = 2147483647;
			files = (
				3B11FB292FECA41500E021F0 /* SafariWebExtensionHandler.swift in Sources */,
			);
			runOnlyForDeploymentPostprocessing = 0;
		};
/* End PBXSourcesBuildPhase section */

/* Begin PBXTargetDependency section */
		3B11FB0F2FECA41500E021F0 /* PBXTargetDependency */ = {
			isa = PBXTargetDependency;
			target = 3B11FB0B2FECA41500E021F0 /* BrowserBridge Extension (iOS) */;
			targetProxy = 3B11FB0E2FECA41500E021F0 /* PBXContainerItemProxy */;
		};
		3B11FB192FECA41500E021F0 /* PBXTargetDependency */ = {
			isa = PBXTargetDependency;
			target = 3B11FB152FECA41500E021F0 /* BrowserBridge Extension (macOS) */;
			targetProxy = 3B11FB182FECA41500E021F0 /* PBXContainerItemProxy */;
		};
/* End PBXTargetDependency section */

/* Begin PBXVariantGroup section */
		3B11FAE12FECA41200E021F0 /* Main.html */ = {
			isa = PBXVariantGroup;
			children = (
				3B11FAE22FECA41200E021F0 /* Base */,
			);
			name = Main.html;
			sourceTree = "<group>";
		};
		3B11FAF52FECA41500E021F0 /* LaunchScreen.storyboard */ = {
			isa = PBXVariantGroup;
			children = (
				3B11FAF62FECA41500E021F0 /* Base */,
			);
			name = LaunchScreen.storyboard;
			sourceTree = "<group>";
		};
		3B11FAF82FECA41500E021F0 /* Main.storyboard */ = {
			isa = PBXVariantGroup;
			children = (
				3B11FAF92FECA41500E021F0 /* Base */,
			);
			name = Main.storyboard;
			sourceTree = "<group>";
		};
		3B11FB042FECA41500E021F0 /* Main.storyboard */ = {
			isa = PBXVariantGroup;
			children = (
				3B11FB052FECA41500E021F0 /* Base */,
			);
			name = Main.storyboard;
			sourceTree = "<group>";
		};
/* End PBXVariantGroup section */

/* Begin XCBuildConfiguration section */
		3B11FB2A2FECA41500E021F0 /* Debug */ = {
			isa = XCBuildConfiguration;
			buildSettings = {
				ALWAYS_SEARCH_USER_PATHS = NO;
				ASSETCATALOG_COMPILER_GENERATE_SWIFT_ASSET_SYMBOL_EXTENSIONS = YES;
				CLANG_ANALYZER_NONNULL = YES;
				CLANG_ANALYZER_NUMBER_OBJECT_CONVERSION = YES_AGGRESSIVE;
				CLANG_CXX_LANGUAGE_STANDARD = "gnu++20";
				CLANG_ENABLE_MODULES = YES;
				CLANG_ENABLE_OBJC_ARC = YES;
				CLANG_ENABLE_OBJC_WEAK = YES;
				CLANG_WARN_BLOCK_CAPTURE_AUTORELEASING = YES;
				CLANG_WARN_BOOL_CONVERSION = YES;
				CLANG_WARN_COMMA = YES;
				CLANG_WARN_CONSTANT_CONVERSION = YES;
				CLANG_WARN_DEPRECATED_OBJC_IMPLEMENTATIONS = YES;
				CLANG_WARN_DIRECT_OBJC_ISA_USAGE = YES_ERROR;
				CLANG_WARN_DOCUMENTATION_COMMENTS = YES;
				CLANG_WARN_EMPTY_BODY = YES;
				CLANG_WARN_ENUM_CONVERSION = YES;
				CLANG_WARN_INFINITE_RECURSION = YES;
				CLANG_WARN_INT_CONVERSION = YES;
				CLANG_WARN_NON_LITERAL_NULL_CONVERSION = YES;
				CLANG_WARN_OBJC_IMPLICIT_RETAIN_SELF = YES;
				CLANG_WARN_OBJC_LITERAL_CONVERSION = YES;
				CLANG_WARN_OBJC_ROOT_CLASS = YES_ERROR;
				CLANG_WARN_QUOTED_INCLUDE_IN_FRAMEWORK_HEADER = YES;
				CLANG_WARN_RANGE_LOOP_ANALYSIS = YES;
				CLANG_WARN_STRICT_PROTOTYPES = YES;
				CLANG_WARN_SUSPICIOUS_MOVE = YES;
				CLANG_WARN_UNGUARDED_AVAILABILITY = YES_AGGRESSIVE;
				CLANG_WARN_UNREACHABLE_CODE = YES;
				CLANG_WARN__DUPLICATE_METHOD_MATCH = YES;
				COPY_PHASE_STRIP = NO;
				DEBUG_INFORMATION_FORMAT = dwarf;
				ENABLE_STRICT_OBJC_MSGSEND = YES;
				ENABLE_TESTABILITY = YES;
				ENABLE_USER_SCRIPT_SANDBOXING = YES;
				GCC_C_LANGUAGE_STANDARD = gnu17;
				GCC_DYNAMIC_NO_PIC = NO;
				GCC_NO_COMMON_BLOCKS = YES;
				GCC_OPTIMIZATION_LEVEL = 0;
				GCC_PREPROCESSOR_DEFINITIONS = (
					"DEBUG=1",
					"$(inherited)",
				);
				GCC_WARN_64_TO_32_BIT_CONVERSION = YES;
				GCC_WARN_ABOUT_RETURN_TYPE = YES_ERROR;
				GCC_WARN_UNDECLARED_SELECTOR = YES;
				GCC_WARN_UNINITIALIZED_AUTOS = YES_AGGRESSIVE;
				GCC_WARN_UNUSED_FUNCTION = YES;
				GCC_WARN_UNUSED_VARIABLE = YES;
				LOCALIZATION_PREFERS_STRING_CATALOGS = YES;
				MTL_ENABLE_DEBUG_INFO = INCLUDE_SOURCE;
				MTL_FAST_MATH = YES;
				ONLY_ACTIVE_ARCH = YES;
				SWIFT_ACTIVE_COMPILATION_CONDITIONS = "DEBUG $(inherited)";
				SWIFT_OPTIMIZATION_LEVEL = "-Onone";
			};
			name = Debug;
		};
		3B11FB2B2FECA41500E021F0 /* Release */ = {
			isa = XCBuildConfiguration;
			buildSettings = {
				ALWAYS_SEARCH_USER_PATHS = NO;
				ASSETCATALOG_COMPILER_GENERATE_SWIFT_ASSET_SYMBOL_EXTENSIONS = YES;
				CLANG_ANALYZER_NONNULL = YES;
				CLANG_ANALYZER_NUMBER_OBJECT_CONVERSION = YES_AGGRESSIVE;
				CLANG_CXX_LANGUAGE_STANDARD = "gnu++20";
				CLANG_ENABLE_MODULES = YES;
				CLANG_ENABLE_OBJC_ARC = YES;
				CLANG_ENABLE_OBJC_WEAK = YES;
				CLANG_WARN_BLOCK_CAPTURE_AUTORELEASING = YES;
				CLANG_WARN_BOOL_CONVERSION = YES;
				CLANG_WARN_COMMA = YES;
				CLANG_WARN_CONSTANT_CONVERSION = YES;
				CLANG_WARN_DEPRECATED_OBJC_IMPLEMENTATIONS = YES;
				CLANG_WARN_DIRECT_OBJC_ISA_USAGE = YES_ERROR;
				CLANG_WARN_DOCUMENTATION_COMMENTS = YES;
				CLANG_WARN_EMPTY_BODY = YES;
				CLANG_WARN_ENUM_CONVERSION = YES;
				CLANG_WARN_INFINITE_RECURSION = YES;
				CLANG_WARN_INT_CONVERSION = YES;
				CLANG_WARN_NON_LITERAL_NULL_CONVERSION = YES;
				CLANG_WARN_OBJC_IMPLICIT_RETAIN_SELF = YES;
				CLANG_WARN_OBJC_LITERAL_CONVERSION = YES;
				CLANG_WARN_OBJC_ROOT_CLASS = YES_ERROR;
				CLANG_WARN_QUOTED_INCLUDE_IN_FRAMEWORK_HEADER = YES;
				CLANG_WARN_RANGE_LOOP_ANALYSIS = YES;
				CLANG_WARN_STRICT_PROTOTYPES = YES;
				CLANG_WARN_SUSPICIOUS_MOVE = YES;
				CLANG_WARN_UNGUARDED_AVAILABILITY = YES_AGGRESSIVE;
				CLANG_WARN_UNREACHABLE_CODE = YES;
				CLANG_WARN__DUPLICATE_METHOD_MATCH = YES;
				COPY_PHASE_STRIP = NO;
				DEBUG_INFORMATION_FORMAT = "dwarf-with-dsym";
				ENABLE_NS_ASSERTIONS = NO;
				ENABLE_STRICT_OBJC_MSGSEND = YES;
				ENABLE_USER_SCRIPT_SANDBOXING = YES;
				GCC_C_LANGUAGE_STANDARD = gnu17;
				GCC_NO_COMMON_BLOCKS = YES;
				GCC_WARN_64_TO_32_BIT_CONVERSION = YES;
				GCC_WARN_ABOUT_RETURN_TYPE = YES_ERROR;
				GCC_WARN_UNDECLARED_SELECTOR = YES;
				GCC_WARN_UNINITIALIZED_AUTOS = YES_AGGRESSIVE;
				GCC_WARN_UNUSED_FUNCTION = YES;
				GCC_WARN_UNUSED_VARIABLE = YES;
				LOCALIZATION_PREFERS_STRING_CATALOGS = YES;
				MTL_ENABLE_DEBUG_INFO = NO;
				MTL_FAST_MATH = YES;
				SWIFT_COMPILATION_MODE = wholemodule;
			};
			name = Release;
		};
		3B11FB2D2FECA41500E021F0 /* Debug */ = {
			isa = XCBuildConfiguration;
			buildSettings = {
				CODE_SIGN_STYLE = Automatic;
				CURRENT_PROJECT_VERSION = 1;
				GENERATE_INFOPLIST_FILE = YES;
				INFOPLIST_FILE = "iOS (Extension)/Info.plist";
				INFOPLIST_KEY_CFBundleDisplayName = "BrowserBridge Extension";
				INFOPLIST_KEY_NSHumanReadableCopyright = "";
				IPHONEOS_DEPLOYMENT_TARGET = 15.0;
				LD_RUNPATH_SEARCH_PATHS = (
					"$(inherited)",
					"@executable_path/Frameworks",
					"@executable_path/../../Frameworks",
				);
				MARKETING_VERSION = 1.0;
				OTHER_LDFLAGS = (
					"-framework",
					SafariServices,
				);
				PRODUCT_BUNDLE_IDENTIFIER = com.yourCompany.BrowserBridge.Extension;
				PRODUCT_NAME = "BrowserBridge Extension";
				SDKROOT = iphoneos;
				SKIP_INSTALL = YES;
				STRING_CATALOG_GENERATE_SYMBOLS = YES;
				SWIFT_APPROACHABLE_CONCURRENCY = YES;
				SWIFT_EMIT_LOC_STRINGS = YES;
				SWIFT_UPCOMING_FEATURE_MEMBER_IMPORT_VISIBILITY = YES;
				SWIFT_VERSION = 5.0;
				TARGETED_DEVICE_FAMILY = "1,2";
			};
			name = Debug;
		};
		3B11FB2E2FECA41500E021F0 /* Release */ = {
			isa = XCBuildConfiguration;
			buildSettings = {
				CODE_SIGN_STYLE = Automatic;
				CURRENT_PROJECT_VERSION = 1;
				GENERATE_INFOPLIST_FILE = YES;
				INFOPLIST_FILE = "iOS (Extension)/Info.plist";
				INFOPLIST_KEY_CFBundleDisplayName = "BrowserBridge Extension";
				INFOPLIST_KEY_NSHumanReadableCopyright = "";
				IPHONEOS_DEPLOYMENT_TARGET = 15.0;
				LD_RUNPATH_SEARCH_PATHS = (
					"$(inherited)",
					"@executable_path/Frameworks",
					"@executable_path/../../Frameworks",
				);
				MARKETING_VERSION = 1.0;
				OTHER_LDFLAGS = (
					"-framework",
					SafariServices,
				);
				PRODUCT_BUNDLE_IDENTIFIER = com.yourCompany.BrowserBridge.Extension;
				PRODUCT_NAME = "BrowserBridge Extension";
				SDKROOT = iphoneos;
				SKIP_INSTALL = YES;
				STRING_CATALOG_GENERATE_SYMBOLS = YES;
				SWIFT_APPROACHABLE_CONCURRENCY = YES;
				SWIFT_EMIT_LOC_STRINGS = YES;
				SWIFT_UPCOMING_FEATURE_MEMBER_IMPORT_VISIBILITY = YES;
				SWIFT_VERSION = 5.0;
				TARGETED_DEVICE_FAMILY = "1,2";
				VALIDATE_PRODUCT = YES;
			};
			name = Release;
		};
		3B11FB312FECA41500E021F0 /* Debug */ = {
			isa = XCBuildConfiguration;
			buildSettings = {
				ASSETCATALOG_COMPILER_APPICON_NAME = AppIcon;
				ASSETCATALOG_COMPILER_GLOBAL_ACCENT_COLOR_NAME = AccentColor;
				CODE_SIGN_STYLE = Automatic;
				CURRENT_PROJECT_VERSION = 1;
				GENERATE_INFOPLIST_FILE = YES;
				INFOPLIST_FILE = "iOS (App)/Info.plist";
				INFOPLIST_KEY_CFBundleDisplayName = BrowserBridge;
				INFOPLIST_KEY_UIApplicationSupportsIndirectInputEvents = YES;
				INFOPLIST_KEY_UILaunchStoryboardName = LaunchScreen;
				INFOPLIST_KEY_UIMainStoryboardFile = Main;
				INFOPLIST_KEY_UISupportedInterfaceOrientations = "UIInterfaceOrientationPortrait UIInterfaceOrientationLandscapeLeft UIInterfaceOrientationLandscapeRight";
				INFOPLIST_KEY_UISupportedInterfaceOrientations_iPad = "UIInterfaceOrientationPortrait UIInterfaceOrientationPortraitUpsideDown UIInterfaceOrientationLandscapeLeft UIInterfaceOrientationLandscapeRight";
				IPHONEOS_DEPLOYMENT_TARGET = 15.0;
				LD_RUNPATH_SEARCH_PATHS = (
					"$(inherited)",
					"@executable_path/Frameworks",
				);
				MARKETING_VERSION = 1.0;
				OTHER_LDFLAGS = (
					"-framework",
					SafariServices,
					"-framework",
					WebKit,
				);
				PRODUCT_BUNDLE_IDENTIFIER = com.yourCompany.BrowserBridge;
				PRODUCT_NAME = BrowserBridge;
				SDKROOT = iphoneos;
				STRING_CATALOG_GENERATE_SYMBOLS = YES;
				SWIFT_APPROACHABLE_CONCURRENCY = YES;
				SWIFT_DEFAULT_ACTOR_ISOLATION = MainActor;
				SWIFT_EMIT_LOC_STRINGS = YES;
				SWIFT_UPCOMING_FEATURE_MEMBER_IMPORT_VISIBILITY = YES;
				SWIFT_VERSION = 5.0;
				TARGETED_DEVICE_FAMILY = "1,2";
			};
			name = Debug;
		};
		3B11FB322FECA41500E021F0 /* Release */ = {
			isa = XCBuildConfiguration;
			buildSettings = {
				ASSETCATALOG_COMPILER_APPICON_NAME = AppIcon;
				ASSETCATALOG_COMPILER_GLOBAL_ACCENT_COLOR_NAME = AccentColor;
				CODE_SIGN_STYLE = Automatic;
				CURRENT_PROJECT_VERSION = 1;
				GENERATE_INFOPLIST_FILE = YES;
				INFOPLIST_FILE = "iOS (App)/Info.plist";
				INFOPLIST_KEY_CFBundleDisplayName = BrowserBridge;
				INFOPLIST_KEY_UIApplicationSupportsIndirectInputEvents = YES;
				INFOPLIST_KEY_UILaunchStoryboardName = LaunchScreen;
				INFOPLIST_KEY_UIMainStoryboardFile = Main;
				INFOPLIST_KEY_UISupportedInterfaceOrientations = "UIInterfaceOrientationPortrait UIInterfaceOrientationLandscapeLeft UIInterfaceOrientationLandscapeRight";
				INFOPLIST_KEY_UISupportedInterfaceOrientations_iPad = "UIInterfaceOrientationPortrait UIInterfaceOrientationPortraitUpsideDown UIInterfaceOrientationLandscapeLeft UIInterfaceOrientationLandscapeRight";
				IPHONEOS_DEPLOYMENT_TARGET = 15.0;
				LD_RUNPATH_SEARCH_PATHS = (
					"$(inherited)",
					"@executable_path/Frameworks",
				);
				MARKETING_VERSION = 1.0;
				OTHER_LDFLAGS = (
					"-framework",
					SafariServices,
					"-framework",
					WebKit,
				);
				PRODUCT_BUNDLE_IDENTIFIER = com.yourCompany.BrowserBridge;
				PRODUCT_NAME = BrowserBridge;
				SDKROOT = iphoneos;
				STRING_CATALOG_GENERATE_SYMBOLS = YES;
				SWIFT_APPROACHABLE_CONCURRENCY = YES;
				SWIFT_DEFAULT_ACTOR_ISOLATION = MainActor;
				SWIFT_EMIT_LOC_STRINGS = YES;
				SWIFT_UPCOMING_FEATURE_MEMBER_IMPORT_VISIBILITY = YES;
				SWIFT_VERSION = 5.0;
				TARGETED_DEVICE_FAMILY = "1,2";
				VALIDATE_PRODUCT = YES;
			};
			name = Release;
		};
		3B11FB342FECA41500E021F0 /* Debug */ = {
			isa = XCBuildConfiguration;
			buildSettings = {
				CODE_SIGN_STYLE = Automatic;
				CURRENT_PROJECT_VERSION = 1;
				ENABLE_APP_SANDBOX = YES;
				ENABLE_HARDENED_RUNTIME = YES;
				ENABLE_USER_SELECTED_FILES = readonly;
				GENERATE_INFOPLIST_FILE = YES;
				INFOPLIST_FILE = "macOS (Extension)/Info.plist";
				INFOPLIST_KEY_CFBundleDisplayName = "BrowserBridge Extension";
				INFOPLIST_KEY_NSHumanReadableCopyright = "";
				LD_RUNPATH_SEARCH_PATHS = (
					"$(inherited)",
					"@executable_path/../Frameworks",
					"@executable_path/../../../../Frameworks",
				);
				MACOSX_DEPLOYMENT_TARGET = "$(RECOMMENDED_MACOSX_DEPLOYMENT_TARGET)";
				MARKETING_VERSION = 1.0;
				OTHER_LDFLAGS = (
					"-framework",
					SafariServices,
				);
				PRODUCT_BUNDLE_IDENTIFIER = com.yourCompany.BrowserBridge.Extension;
				PRODUCT_NAME = "BrowserBridge Extension";
				SDKROOT = macosx;
				SKIP_INSTALL = YES;
				STRING_CATALOG_GENERATE_SYMBOLS = YES;
				SWIFT_APPROACHABLE_CONCURRENCY = YES;
				SWIFT_EMIT_LOC_STRINGS = YES;
				SWIFT_UPCOMING_FEATURE_MEMBER_IMPORT_VISIBILITY = YES;
				SWIFT_VERSION = 5.0;
			};
			name = Debug;
		};
		3B11FB352FECA41500E021F0 /* Release */ = {
			isa = XCBuildConfiguration;
			buildSettings = {
				CODE_SIGN_STYLE = Automatic;
				CURRENT_PROJECT_VERSION = 1;
				ENABLE_APP_SANDBOX = YES;
				ENABLE_HARDENED_RUNTIME = YES;
				ENABLE_USER_SELECTED_FILES = readonly;
				GENERATE_INFOPLIST_FILE = YES;
				INFOPLIST_FILE = "macOS (Extension)/Info.plist";
				INFOPLIST_KEY_CFBundleDisplayName = "BrowserBridge Extension";
				INFOPLIST_KEY_NSHumanReadableCopyright = "";
				LD_RUNPATH_SEARCH_PATHS = (
					"$(inherited)",
					"@executable_path/../Frameworks",
					"@executable_path/../../../../Frameworks",
				);
				MACOSX_DEPLOYMENT_TARGET = "$(RECOMMENDED_MACOSX_DEPLOYMENT_TARGET)";
				MARKETING_VERSION = 1.0;
				OTHER_LDFLAGS = (
					"-framework",
					SafariServices,
				);
				PRODUCT_BUNDLE_IDENTIFIER = com.yourCompany.BrowserBridge.Extension;
				PRODUCT_NAME = "BrowserBridge Extension";
				SDKROOT = macosx;
				SKIP_INSTALL = YES;
				STRING_CATALOG_GENERATE_SYMBOLS = YES;
				SWIFT_APPROACHABLE_CONCURRENCY = YES;
				SWIFT_EMIT_LOC_STRINGS = YES;
				SWIFT_UPCOMING_FEATURE_MEMBER_IMPORT_VISIBILITY = YES;
				SWIFT_VERSION = 5.0;
			};
			name = Release;
		};
		3B11FB382FECA41500E021F0 /* Debug */ = {
			isa = XCBuildConfiguration;
			buildSettings = {
				ASSETCATALOG_COMPILER_APPICON_NAME = AppIcon;
				ASSETCATALOG_COMPILER_GLOBAL_ACCENT_COLOR_NAME = AccentColor;
				CODE_SIGN_STYLE = Automatic;
				CURRENT_PROJECT_VERSION = 1;
				ENABLE_APP_SANDBOX = YES;
				ENABLE_HARDENED_RUNTIME = YES;
				ENABLE_OUTGOING_NETWORK_CONNECTIONS = YES;
				ENABLE_USER_SELECTED_FILES = readonly;
				GENERATE_INFOPLIST_FILE = YES;
				INFOPLIST_FILE = "macOS (App)/Info.plist";
				INFOPLIST_KEY_CFBundleDisplayName = BrowserBridge;
				INFOPLIST_KEY_NSMainStoryboardFile = Main;
				INFOPLIST_KEY_NSPrincipalClass = NSApplication;
				LD_RUNPATH_SEARCH_PATHS = (
					"$(inherited)",
					"@executable_path/../Frameworks",
				);
				MACOSX_DEPLOYMENT_TARGET = "$(RECOMMENDED_MACOSX_DEPLOYMENT_TARGET)";
				MARKETING_VERSION = 1.0;
				OTHER_LDFLAGS = (
					"-framework",
					SafariServices,
					"-framework",
					WebKit,
				);
				PRODUCT_BUNDLE_IDENTIFIER = com.yourCompany.BrowserBridge;
				PRODUCT_NAME = BrowserBridge;
				REGISTER_APP_GROUPS = YES;
				SDKROOT = macosx;
				STRING_CATALOG_GENERATE_SYMBOLS = YES;
				SWIFT_APPROACHABLE_CONCURRENCY = YES;
				SWIFT_DEFAULT_ACTOR_ISOLATION = MainActor;
				SWIFT_EMIT_LOC_STRINGS = YES;
				SWIFT_UPCOMING_FEATURE_MEMBER_IMPORT_VISIBILITY = YES;
				SWIFT_VERSION = 5.0;
			};
			name = Debug;
		};
		3B11FB392FECA41500E021F0 /* Release */ = {
			isa = XCBuildConfiguration;
			buildSettings = {
				ASSETCATALOG_COMPILER_APPICON_NAME = AppIcon;
				ASSETCATALOG_COMPILER_GLOBAL_ACCENT_COLOR_NAME = AccentColor;
				CODE_SIGN_STYLE = Automatic;
				CURRENT_PROJECT_VERSION = 1;
				ENABLE_APP_SANDBOX = YES;
				ENABLE_HARDENED_RUNTIME = YES;
				ENABLE_OUTGOING_NETWORK_CONNECTIONS = YES;
				ENABLE_USER_SELECTED_FILES = readonly;
				GENERATE_INFOPLIST_FILE = YES;
				INFOPLIST_FILE = "macOS (App)/Info.plist";
				INFOPLIST_KEY_CFBundleDisplayName = BrowserBridge;
				INFOPLIST_KEY_NSMainStoryboardFile = Main;
				INFOPLIST_KEY_NSPrincipalClass = NSApplication;
				LD_RUNPATH_SEARCH_PATHS = (
					"$(inherited)",
					"@executable_path/../Frameworks",
				);
				MACOSX_DEPLOYMENT_TARGET = "$(RECOMMENDED_MACOSX_DEPLOYMENT_TARGET)";
				MARKETING_VERSION = 1.0;
				OTHER_LDFLAGS = (
					"-framework",
					SafariServices,
					"-framework",
					WebKit,
				);
				PRODUCT_BUNDLE_IDENTIFIER = com.yourCompany.BrowserBridge;
				PRODUCT_NAME = BrowserBridge;
				REGISTER_APP_GROUPS = YES;
				SDKROOT = macosx;
				STRING_CATALOG_GENERATE_SYMBOLS = YES;
				SWIFT_APPROACHABLE_CONCURRENCY = YES;
				SWIFT_DEFAULT_ACTOR_ISOLATION = MainActor;
				SWIFT_EMIT_LOC_STRINGS = YES;
				SWIFT_UPCOMING_FEATURE_MEMBER_IMPORT_VISIBILITY = YES;
				SWIFT_VERSION = 5.0;
			};
			name = Release;
		};
/* End XCBuildConfiguration section */

/* Begin XCConfigurationList section */
		3B11FADE2FECA41100E021F0 /* Build configuration list for PBXProject "BrowserBridge" */ = {
			isa = XCConfigurationList;
			buildConfigurations = (
				3B11FB2A2FECA41500E021F0 /* Debug */,
				3B11FB2B2FECA41500E021F0 /* Release */,
			);
			defaultConfigurationIsVisible = 0;
			defaultConfigurationName = Release;
		};
		3B11FB2C2FECA41500E021F0 /* Build configuration list for PBXNativeTarget "BrowserBridge Extension (iOS)" */ = {
			isa = XCConfigurationList;
			buildConfigurations = (
				3B11FB2D2FECA41500E021F0 /* Debug */,
				3B11FB2E2FECA41500E021F0 /* Release */,
			);
			defaultConfigurationIsVisible = 0;
			defaultConfigurationName = Release;
		};
		3B11FB302FECA41500E021F0 /* Build configuration list for PBXNativeTarget "BrowserBridge (iOS)" */ = {
			isa = XCConfigurationList;
			buildConfigurations = (
				3B11FB312FECA41500E021F0 /* Debug */,
				3B11FB322FECA41500E021F0 /* Release */,
			);
			defaultConfigurationIsVisible = 0;
			defaultConfigurationName = Release;
		};
		3B11FB332FECA41500E021F0 /* Build configuration list for PBXNativeTarget "BrowserBridge Extension (macOS)" */ = {
			isa = XCConfigurationList;
			buildConfigurations = (
				3B11FB342FECA41500E021F0 /* Debug */,
				3B11FB352FECA41500E021F0 /* Release */,
			);
			defaultConfigurationIsVisible = 0;
			defaultConfigurationName = Release;
		};
		3B11FB372FECA41500E021F0 /* Build configuration list for PBXNativeTarget "BrowserBridge (macOS)" */ = {
			isa = XCConfigurationList;
			buildConfigurations = (
				3B11FB382FECA41500E021F0 /* Debug */,
				3B11FB392FECA41500E021F0 /* Release */,
			);
			defaultConfigurationIsVisible = 0;
			defaultConfigurationName = Release;
		};
/* End XCConfigurationList section */
	};
	rootObject = 3B11FADB2FECA41100E021F0 /* Project object */;
}
